
Microsoft Visual Studio Solution File, Format Version 12.00
# Visual Studio Version 17
VisualStudioVersion = 17.8.34330.188
MinimumVisualStudioVersion = 10.0.40219.1
Project("{FAE04EC0-301F-11D3-BF4B-00C04F79EFBC}") = "MTLXImporter", "MTLXImporter.csproj", "{E8189163-B9E4-4465-BB83-3C8D9B8CDF79}"
EndProject
Project("{FAE04EC0-301F-11D3-BF4B-00C04F79EFBC}") = "MTLXImporter.Tests", "..\MTLXImporter.Tests\MTLXImporter.Tests.csproj", "{20A33F6D-223B-4942-827A-276A00D340D1}"
EndProject
Global
	GlobalSection(SolutionConfigurationPlatforms) = preSolution
		Debug|Any CPU = Debug|Any CPU
		Release|Any CPU = Release|Any CPU
	EndGlobalSection
	GlobalSection(ProjectConfigurationPlatforms) = postSolution
		{E8189163-B9E4-4465-BB83-3C8D9B8CDF79}.Debug|Any CPU.ActiveCfg = Debug|Any CPU
		{E8189163-B9E4-4465-BB83-3C8D9B8CDF79}.Debug|Any CPU.Build.0 = Debug|Any CPU
		{E8189163-B9E4-4465-BB83-3C8D9B8CDF79}.Release|Any CPU.ActiveCfg = Release|Any CPU
		{E8189163-B9E4-4465-BB83-3C8D9B8CDF79}.Release|Any CPU.Build.0 = Release|Any CPU
		{20A33F6D-223B-4942-827A-276A00D340D1}.Debug|Any CPU.ActiveCfg = Debug|Any CPU
		{20A33F6D-223B-4942-827A-276A00D340D1}.Debug|Any CPU.Build.0 = Debug|Any CPU
		{20A33F6D-223B-4942-827A-276A00D340D1}.Release|Any CPU.ActiveCfg = Release|Any CPU
		{20A33F6D-223B-4942-827A-276A00D340D1}.Release|Any CPU.Build.0 = Release|Any CPU
	EndGlobalSection
	GlobalSection(SolutionProperties) = preSolution
		HideSolutionNode = FALSE
	EndGlobalSection
	GlobalSection(ExtensibilityGlobals) = postSolution
		SolutionGuid = {46F914E2-091F-4C48-AAC2-EFD0073097AC}
	EndGlobalSection
EndGlobal
